{
  "name": "Backend",
  "lockfileVersion": 3,
  "requires": true,
  "packages": {
    "": {
      "dependencies": {
        "@ai-sdk/google": "^3.0.2",
        "@ai-sdk/react": "^3.0.7",
        "lucide-react": "^0.562.0"
      }
    },
    "node_modules/@ai-sdk/gateway": {
      "version": "3.0.6",
      "resolved": "https://registry.npmjs.org/@ai-sdk/gateway/-/gateway-3.0.6.tgz",
      "integrity": "sha512-oEpwjM0PIaSUErtZI8Ag+gQ+ZelysRWA96N5ahvOc5e9d7QkKJWF0POWx0nI1qBxvmUSw7ca0sLTVw+J5yn7Tg==",
      "license": "Apache-2.0",
      "dependencies": {
        "@ai-sdk/provider": "3.0.1",
        "@ai-sdk/provider-utils": "4.0.2",
        "@vercel/oidc": "3.0.5"
      },
      "engines": {
        "node": ">=18"
      },
      "peerDependencies": {
        "zod": "^3.25.76 || ^4.1.8"
      }
    },
    "node_modules/@ai-sdk/google": {
      "version": "3.0.2",
      "resolved": "https://registry.npmjs.org/@ai-sdk/google/-/google-3.0.2.tgz",
      "integrity": "sha512-KyV4AR8fBKVCABfav3zGn/PY7cMDMt9m7yYhH+FJ7jLfBrEVdjT4sM0ojPFRHYUelXHl42oOAgpy3GWkeG6vtw==",
      "license": "Apache-2.0",
      "dependencies": {
        "@ai-sdk/provider": "3.0.1",
        "@ai-sdk/provider-utils": "4.0.2"
      },
      "engines": {
        "node": ">=18"
      },
      "peerDependencies": {
        "zod": "^3.25.76 || ^4.1.8"
      }
    },
    "node_modules/@ai-sdk/provider": {
      "version": "3.0.1",
      "resolved": "https://registry.npmjs.org/@ai-sdk/provider/-/provider-3.0.1.tgz",
      "integrity": "sha512-2lR4w7mr9XrydzxBSjir4N6YMGdXD+Np1Sh0RXABh7tWdNFFwIeRI1Q+SaYZMbfL8Pg8RRLcrxQm51yxTLhokg==",
      "license": "Apache-2.0",
      "dependencies": {
        "json-schema": "^0.4.0"
      },
      "engines": {
        "node": ">=18"
      }
    },
    "node_modules/@ai-sdk/provider-utils": {
      "version": "4.0.2",
      "resolved": "https://registry.npmjs.org/@ai-sdk/provider-utils/-/provider-utils-4.0.2.tgz",
      "integrity": "sha512-KaykkuRBdF/ffpI5bwpL4aSCmO/99p8/ci+VeHwJO8tmvXtiVAb99QeyvvvXmL61e9Zrvv4GBGoajW19xdjkVQ==",
      "license": "Apache-2.0",
      "dependencies": {
        "@ai-sdk/provider": "3.0.1",
        "@standard-schema/spec": "^1.1.0",
        "eventsource-parser": "^3.0.6"
      },
      "engines": {
        "node": ">=18"
      },
      "peerDependencies": {
        "zod": "^3.25.76 || ^4.1.8"
      }
    },
    "node_modules/@ai-sdk/react": {
      "version": "3.0.7",
      "resolved": "https://registry.npmjs.org/@ai-sdk/react/-/react-3.0.7.tgz",
      "integrity": "sha512-7y22Zjy6oWrKC/e3G59tSzaPOZOXciKBxLxauHaVBZl8gmrDejHt/cbnzSnLaFNDpRkoIDB1/ec4jHgVBkmbOA==",
      "license": "Apache-2.0",
      "dependencies": {
        "@ai-sdk/provider-utils": "4.0.2",
        "ai": "6.0.7",
        "swr": "^2.2.5",
        "throttleit": "2.1.0"
      },
      "engines": {
        "node": ">=18"
      },
      "peerDependencies": {
        "react": "^18 || ~19.0.1 || ~19.1.2 || ^19.2.1"
      }
    },
    "node_modules/@opentelemetry/api": {
      "version": "1.9.0",
      "resolved": "https://registry.npmjs.org/@opentelemetry/api/-/api-1.9.0.tgz",
      "integrity": "sha512-3giAOQvZiH5F9bMlMiv8+GSPMeqg0dbaeo58/0SlA9sxSqZhnUtxzX9/2FzyhS9sWQf5S0GJE0AKBrFqjpeYcg==",
      "license": "Apache-2.0",
      "engines": {
        "node": ">=8.0.0"
      }
    },
    "node_modules/@standard-schema/spec": {
      "version": "1.1.0",
      "resolved": "https://registry.npmjs.org/@standard-schema/spec/-/spec-1.1.0.tgz",
      "integrity": "sha512-l2aFy5jALhniG5HgqrD6jXLi/rUWrKvqN/qJx6yoJsgKhblVd+iqqU4RCXavm/jPityDo5TCvKMnpjKnOriy0w==",
      "license": "MIT"
    },
    "node_modules/@vercel/oidc": {
      "version": "3.0.5",
      "resolved": "https://registry.npmjs.org/@vercel/oidc/-/oidc-3.0.5.tgz",
      "integrity": "sha512-fnYhv671l+eTTp48gB4zEsTW/YtRgRPnkI2nT7x6qw5rkI1Lq2hTmQIpHPgyThI0znLK+vX2n9XxKdXZ7BUbbw==",
      "license": "Apache-2.0",
      "engines": {
        "node": ">= 20"
      }
    },
    "node_modules/ai": {
      "version": "6.0.7",
      "resolved": "https://registry.npmjs.org/ai/-/ai-6.0.7.tgz",
      "integrity": "sha512-kLzSXHdW6cAcb2mFSIfkbfzxYqqjrUnyhrB1sg855qlC+6XkLI8hmwFE8f/4SnjmtcTDOnkIaVjWoO5i5Ir0bw==",
      "license": "Apache-2.0",
      "dependencies": {
        "@ai-sdk/gateway": "3.0.6",
        "@ai-sdk/provider": "3.0.1",
        "@ai-sdk/provider-utils": "4.0.2",
        "@opentelemetry/api": "1.9.0"
      },
      "engines": {
        "node": ">=18"
      },
      "peerDependencies": {
        "zod": "^3.25.76 || ^4.1.8"
      }
    },
    "node_modules/dequal": {
      "version": "2.0.3",
      "resolved": "https://registry.npmjs.org/dequal/-/dequal-2.0.3.tgz",
      "integrity": "sha512-0je+qPKHEMohvfRTCEo3CrPG6cAzAYgmzKyxRiYSSDkS6eGJdyVJm7WaYA5ECaAD9wLB2T4EEeymA5aFVcYXCA==",
      "license": "MIT",
      "engines": {
        "node": ">=6"
      }
    },
    "node_modules/eventsource-parser": {
      "version": "3.0.6",
      "resolved": "https://registry.npmjs.org/eventsource-parser/-/eventsource-parser-3.0.6.tgz",
      "integrity": "sha512-Vo1ab+QXPzZ4tCa8SwIHJFaSzy4R6SHf7BY79rFBDf0idraZWAkYrDjDj8uWaSm3S2TK+hJ7/t1CEmZ7jXw+pg==",
      "license": "MIT",
      "engines": {
        "node": ">=18.0.0"
      }
    },
    "node_modules/json-schema": {
      "version": "0.4.0",
      "resolved": "https://registry.npmjs.org/json-schema/-/json-schema-0.4.0.tgz",
      "integrity": "sha512-es94M3nTIfsEPisRafak+HDLfHXnKBhV3vU5eqPcS3flIWqcxJWgXHXiey3YrpaNsanY5ei1VoYEbOzijuq9BA==",
      "license": "(AFL-2.1 OR BSD-3-Clause)"
    },
    "node_modules/lucide-react": {
      "version": "0.562.0",
      "resolved": "https://registry.npmjs.org/lucide-react/-/lucide-react-0.562.0.tgz",
      "integrity": "sha512-82hOAu7y0dbVuFfmO4bYF1XEwYk/mEbM5E+b1jgci/udUBEE/R7LF5Ip0CCEmXe8AybRM8L+04eP+LGZeDvkiw==",
      "license": "ISC",
      "peerDependencies": {
        "react": "^16.5.1 || ^17.0.0 || ^18.0.0 || ^19.0.0"
      }
    },
    "node_modules/react": {
      "version": "19.2.3",
      "resolved": "https://registry.npmjs.org/react/-/react-19.2.3.tgz",
      "integrity": "sha512-Ku/hhYbVjOQnXDZFv2+RibmLFGwFdeeKHFcOTlrt7xplBnya5OGn/hIRDsqDiSUcfORsDC7MPxwork8jBwsIWA==",
      "license": "MIT",
      "peer": true,
      "engines": {
        "node": ">=0.10.0"
      }
    },
    "node_modules/swr": {
      "version": "2.3.8",
      "resolved": "https://registry.npmjs.org/swr/-/swr-2.3.8.tgz",
      "integrity": "sha512-gaCPRVoMq8WGDcWj9p4YWzCMPHzE0WNl6W8ADIx9c3JBEIdMkJGMzW+uzXvxHMltwcYACr9jP+32H8/hgwMR7w==",
      "license": "MIT",
      "dependencies": {
        "dequal": "^2.0.3",
        "use-sync-external-store": "^1.6.0"
      },
      "peerDependencies": {
        "react": "^16.11.0 || ^17.0.0 || ^18.0.0 || ^19.0.0"
      }
    },
    "node_modules/throttleit": {
      "version": "2.1.0",
      "resolved": "https://registry.npmjs.org/throttleit/-/throttleit-2.1.0.tgz",
      "integrity": "sha512-nt6AMGKW1p/70DF/hGBdJB57B8Tspmbp5gfJ8ilhLnt7kkr2ye7hzD6NVG8GGErk2HWF34igrL2CXmNIkzKqKw==",
      "license": "MIT",
      "engines": {
        "node": ">=18"
      },
      "funding": {
        "url": "https://github.com/sponsors/sindresorhus"
      }
    },
    "node_modules/use-sync-external-store": {
      "version": "1.6.0",
      "resolved": "https://registry.npmjs.org/use-sync-external-store/-/use-sync-external-store-1.6.0.tgz",
      "integrity": "sha512-Pp6GSwGP/NrPIrxVFAIkOQeyw8lFenOHijQWkUTrDvrF4ALqylP2C/KCkeS9dpUM3KvYRQhna5vt7IL95+ZQ9w==",
      "license": "MIT",
      "peerDependencies": {
        "react": "^16.8.0 || ^17.0.0 || ^18.0.0 || ^19.0.0"
      }
    },
    "node_modules/zod": {
      "version": "4.3.5",
      "resolved": "https://registry.npmjs.org/zod/-/zod-4.3.5.tgz",
      "integrity": "sha512-k7Nwx6vuWx1IJ9Bjuf4Zt1PEllcwe7cls3VNzm4CQ1/hgtFUK2bRNG3rvnpPUhFjmqJKAKtjV576KnUkHocg/g==",
      "license": "MIT",
      "peer": true,
      "funding": {
        "url": "https://github.com/sponsors/colinhacks"
      }
    }
  }
}
